PODS:
  - 1PasswordExtension (1.8.5)
  - AEXML (4.2.2)
  - Alamofire (4.4.0)
  - AlamofireImage (3.2.0):
    - Alamofire (~> 4.1)
  - AlamofireNetworkActivityIndicator (2.1.0):
    - Alamofire (~> 4.1)
  - AlamofireXMLRPC (2.2.0):
    - AEXML
    - Alamofire
  - FloatRatingView (2.0.1)
  - GCDWebServer (3.3.3):
    - GCDWebServer/Core (= 3.3.3)
  - GCDWebServer/Core (3.3.3)
  - google-cast-sdk (3.4.0):
    - google-cast-sdk/Core (= 3.4.0)
  - google-cast-sdk/Core (3.4.0)
  - Locksmith (3.0.0)
  - MarqueeLabel/Swift (3.0.5)
  - MBCircularProgressBar (0.3.5)
  - MobileVLCKit-unstable (3.0.0a49)
  - ObjectMapper (2.2.9)
  - OBSlider (1.1.1)
  - PopcornTorrent (1.1.13):
    - GCDWebServer (~> 3.3.3)
  - Reachability (3.2)
  - SwiftyJSON (3.1.4)
  - SwiftyTimer (2.0.0)
  - TvOSMoreButton (1.0.2)
  - TVVLCKit (2.1.0)
  - XCDYouTubeKit (2.5.6)

DEPENDENCIES:
  - 1PasswordExtension (~> 1.8.4)
  - Alamofire (~> 4.4.0)
  - AlamofireImage (~> 3.2.0)
  - AlamofireNetworkActivityIndicator (~> 2.1.0)
  - AlamofireXMLRPC (~> 2.2.0)
  - FloatRatingView (~> 2.0.1)
  - google-cast-sdk (~> 3.4.0)
  - Locksmith (~> 3.0.0)
  - MarqueeLabel/Swift (~> 3.0.3)
  - MBCircularProgressBar (~> 0.3.5-1)
  - MobileVLCKit-unstable (~> 3.0.0a24)
  - ObjectMapper (~> 2.2.7)
  - OBSlider (~> 1.1.1)
  - PopcornTorrent (~> 1.1.13)
  - Reachability (from `https://github.com/tonymillion/Reachability`)
  - SwiftyJSON (~> 3.1.4)
  - SwiftyTimer (~> 2.0.0)
  - TvOSMoreButton (~> 1.0.2)
  - TVVLCKit (~> 2.1.0)
  - XCDYouTubeKit (~> 2.5.5)

EXTERNAL SOURCES:
  Reachability:
    :git: https://github.com/tonymillion/Reachability

CHECKOUT OPTIONS:
  Reachability:
    :commit: 184d6d44f0f21b6428d833d265f5d0cfa1ed88d8
    :git: https://github.com/tonymillion/Reachability

SPEC CHECKSUMS:
  1PasswordExtension: 0e95bdea64ec8ff2f4f693be5467a09fac42a83d
  AEXML: 5ebafc1b75e0bcf0f1b09b8ca8fed2d5a199479b
  Alamofire: dc44b1600b800eb63da6a19039a0083d62a6a62d
  AlamofireImage: 157ed682cc81d3b9db4fb90c1f12180ac552d93b
  AlamofireNetworkActivityIndicator: 4716f6554bdfb9c7cf13b1e0e3af21163129690a
  AlamofireXMLRPC: c43e200a5956d345481a81f28abf843798f348ed
  FloatRatingView: cbb1e27fc03c8817edc4176b5642849c07b0df2a
  GCDWebServer: 1c39a1f0763e4eb492bee021e4270fce097d3555
  google-cast-sdk: 35da95f568b50d72628014f3320e2f3240bf2a7a
  Locksmith: 310b4cc5031af5728bf4db5d4de547a5100c6a3b
  MarqueeLabel: 8a25b2cf02cf52165022f01369e63536c58fcc00
  MBCircularProgressBar: 29e6df5e8683ff2375a291792a5988a16dd78c8e
  MobileVLCKit-unstable: 8847222ff4a86716039550f33cb2fc27ca429f58
  ObjectMapper: 63cfe41bc6f8e7c8f44344c49901b8ae7de14c52
  OBSlider: 38853ebbb9cc6978a9b7ddc0d4f525588e8bb294
  PopcornTorrent: 794fa6ff4e89b77beaa94348e36cbf1684af0187
  Reachability: a439150119232b740e0b708aed6760a5965b858d
  SwiftyJSON: c2842d878f95482ffceec5709abc3d05680c0220
  SwiftyTimer: 2efd74b060d69ad4f1496baf5bbedbe132125fcf
  TvOSMoreButton: d027768806b5b75b6f54b5fe46f51aad014e4390
  TVVLCKit: 6b30e543632aae88be445a8e58e065b3a8e8006e
  XCDYouTubeKit: dccfe0c17dd5c5187969ec27e93069573badb08f

PODFILE CHECKSUM: 4c6ef80b11bdd8bd985da80d5ce97d74bf7176aa

COCOAPODS: 1.3.1
